
Microsoft Visual Studio Solution File, Format Version 12.00
# Visual Studio Version 17
VisualStudioVersion = 17.0.31903.59
MinimumVisualStudioVersion = 10.0.40219.1
Project("{FAE04EC0-301F-11D3-BF4B-00C04F79EFBC}") = "CarStoreApi.Api", "CarStoreApi.Api\CarStoreApi.Api.csproj", "{DB2DE70B-9939-410E-A97D-A2B6D5F2A142}"
EndProject
Project("{FAE04EC0-301F-11D3-BF4B-00C04F79EFBC}") = "CarStoreApi.Domain", "CarStoreApi.Domain\CarStoreApi.Domain.csproj", "{0C83B7A9-4CC5-44F7-9E5A-F3CA6C35DD3B}"
EndProject
Project("{FAE04EC0-301F-11D3-BF4B-00C04F79EFBC}") = "CarStoreApi.Application", "CarStoreApi.Application\CarStoreApi.Application.csproj", "{963FB3F0-72C3-4D45-85DD-996DB0E82F4F}"
EndProject
Project("{FAE04EC0-301F-11D3-BF4B-00C04F79EFBC}") = "CarStoreApi.Infrastructure", "CarStoreApi.Infrastructure\CarStoreApi.Infrastructure.csproj", "{E2D40A64-6377-43DB-AF1E-94EE8EDBD628}"
EndProject
Global
	GlobalSection(SolutionConfigurationPlatforms) = preSolution
		Debug|Any CPU = Debug|Any CPU
		Release|Any CPU = Release|Any CPU
	EndGlobalSection
	GlobalSection(ProjectConfigurationPlatforms) = postSolution
		{DB2DE70B-9939-410E-A97D-A2B6D5F2A142}.Debug|Any CPU.ActiveCfg = Debug|Any CPU
		{DB2DE70B-9939-410E-A97D-A2B6D5F2A142}.Debug|Any CPU.Build.0 = Debug|Any CPU
		{DB2DE70B-9939-410E-A97D-A2B6D5F2A142}.Release|Any CPU.ActiveCfg = Release|Any CPU
		{DB2DE70B-9939-410E-A97D-A2B6D5F2A142}.Release|Any CPU.Build.0 = Release|Any CPU
		{0C83B7A9-4CC5-44F7-9E5A-F3CA6C35DD3B}.Debug|Any CPU.ActiveCfg = Debug|Any CPU
		{0C83B7A9-4CC5-44F7-9E5A-F3CA6C35DD3B}.Debug|Any CPU.Build.0 = Debug|Any CPU
		{0C83B7A9-4CC5-44F7-9E5A-F3CA6C35DD3B}.Release|Any CPU.ActiveCfg = Release|Any CPU
		{0C83B7A9-4CC5-44F7-9E5A-F3CA6C35DD3B}.Release|Any CPU.Build.0 = Release|Any CPU
		{963FB3F0-72C3-4D45-85DD-996DB0E82F4F}.Debug|Any CPU.ActiveCfg = Debug|Any CPU
		{963FB3F0-72C3-4D45-85DD-996DB0E82F4F}.Debug|Any CPU.Build.0 = Debug|Any CPU
		{963FB3F0-72C3-4D45-85DD-996DB0E82F4F}.Release|Any CPU.ActiveCfg = Release|Any CPU
		{963FB3F0-72C3-4D45-85DD-996DB0E82F4F}.Release|Any CPU.Build.0 = Release|Any CPU
		{E2D40A64-6377-43DB-AF1E-94EE8EDBD628}.Debug|Any CPU.ActiveCfg = Debug|Any CPU
		{E2D40A64-6377-43DB-AF1E-94EE8EDBD628}.Debug|Any CPU.Build.0 = Debug|Any CPU
		{E2D40A64-6377-43DB-AF1E-94EE8EDBD628}.Release|Any CPU.ActiveCfg = Release|Any CPU
		{E2D40A64-6377-43DB-AF1E-94EE8EDBD628}.Release|Any CPU.Build.0 = Release|Any CPU
	EndGlobalSection
	GlobalSection(SolutionProperties) = preSolution
		HideSolutionNode = FALSE
	EndGlobalSection
EndGlobal
